
Microsoft Visual Studio Solution File, Format Version 12.00
# Visual Studio 15
VisualStudioVersion = 15.0.25914.0
MinimumVisualStudioVersion = 10.0.40219.1
Project("{FAE04EC0-301F-11D3-BF4B-00C04F79EFBC}") = "SimpleHttpServer", "SimpleHttpServer\SimpleHttpServer.csproj", "{12AC2283-5031-41F7-B52D-DC06FF8839DF}"
EndProject
Project("{FAE04EC0-301F-11D3-BF4B-00C04F79EFBC}") = "UwpClient.Test", "Tests\UwpClient.Test\UwpClient.Test.csproj", "{5B7F14EB-014B-4044-B7F5-A46B7D8458B9}"
EndProject
Project("{2150E333-8FDC-42A3-9474-1A3956D46DE8}") = "Tests", "Tests", "{88E62699-9893-442B-9F27-C83818726C28}"
EndProject
Project("{FAE04EC0-301F-11D3-BF4B-00C04F79EFBC}") = "ISimpleHttpServer", "ISimpleHttpServer\ISimpleHttpServer.csproj", "{E059363F-C674-42FE-BD01-DDAA3C9D83AE}"
EndProject
Project("{FAE04EC0-301F-11D3-BF4B-00C04F79EFBC}") = "Console.Net.Test", "Tests\Console.Net.Test\Console.Net.Test.csproj", "{9536191E-25D7-45DE-BFA1-39988AFA8A90}"
EndProject
Project("{2150E333-8FDC-42A3-9474-1A3956D46DE8}") = "Github", "Github", "{0D63487A-43FA-4CBD-ACF6-1D0A3140095F}"
	ProjectSection(SolutionItems) = preProject
		..\..\README.md = ..\..\README.md
	EndProjectSection
EndProject
Project("{2150E333-8FDC-42A3-9474-1A3956D46DE8}") = "Nuget", "Nuget", "{83DC400F-874C-4A2C-89D8-D59A227014F7}"
	ProjectSection(SolutionItems) = preProject
		build.ps1 = build.ps1
		publish.ps1 = publish.ps1
		SimpleHttpListener.png = SimpleHttpListener.png
		SimpleHttpServer.nuspec = SimpleHttpServer.nuspec
	EndProjectSection
EndProject
Global
	GlobalSection(SolutionConfigurationPlatforms) = preSolution
		Ad-Hoc|Any CPU = Ad-Hoc|Any CPU
		Ad-Hoc|ARM = Ad-Hoc|ARM
		Ad-Hoc|iPhone = Ad-Hoc|iPhone
		Ad-Hoc|iPhoneSimulator = Ad-Hoc|iPhoneSimulator
		Ad-Hoc|Mixed Platforms = Ad-Hoc|Mixed Platforms
		Ad-Hoc|x64 = Ad-Hoc|x64
		Ad-Hoc|x86 = Ad-Hoc|x86
		AppStore|Any CPU = AppStore|Any CPU
		AppStore|ARM = AppStore|ARM
		AppStore|iPhone = AppStore|iPhone
		AppStore|iPhoneSimulator = AppStore|iPhoneSimulator
		AppStore|Mixed Platforms = AppStore|Mixed Platforms
		AppStore|x64 = AppStore|x64
		AppStore|x86 = AppStore|x86
		Debug|Any CPU = Debug|Any CPU
		Debug|ARM = Debug|ARM
		Debug|iPhone = Debug|iPhone
		Debug|iPhoneSimulator = Debug|iPhoneSimulator
		Debug|Mixed Platforms = Debug|Mixed Platforms
		Debug|x64 = Debug|x64
		Debug|x86 = Debug|x86
		Release|Any CPU = Release|Any CPU
		Release|ARM = Release|ARM
		Release|iPhone = Release|iPhone
		Release|iPhoneSimulator = Release|iPhoneSimulator
		Release|Mixed Platforms = Release|Mixed Platforms
		Release|x64 = Release|x64
		Release|x86 = Release|x86
	EndGlobalSection
	GlobalSection(ProjectConfigurationPlatforms) = postSolution
		{12AC2283-5031-41F7-B52D-DC06FF8839DF}.Ad-Hoc|Any CPU.ActiveCfg = Release|Any CPU
		{12AC2283-5031-41F7-B52D-DC06FF8839DF}.Ad-Hoc|Any CPU.Build.0 = Release|Any CPU
		{12AC2283-5031-41F7-B52D-DC06FF8839DF}.Ad-Hoc|ARM.ActiveCfg = Release|Any CPU
		{12AC2283-5031-41F7-B52D-DC06FF8839DF}.Ad-Hoc|ARM.Build.0 = Release|Any CPU
		{12AC2283-5031-41F7-B52D-DC06FF8839DF}.Ad-Hoc|iPhone.ActiveCfg = Release|Any CPU
		{12AC2283-5031-41F7-B52D-DC06FF8839DF}.Ad-Hoc|iPhone.Build.0 = Release|Any CPU
		{12AC2283-5031-41F7-B52D-DC06FF8839DF}.Ad-Hoc|iPhoneSimulator.ActiveCfg = Release|Any CPU
		{12AC2283-5031-41F7-B52D-DC06FF8839DF}.Ad-Hoc|iPhoneSimulator.Build.0 = Release|Any CPU
		{12AC2283-5031-41F7-B52D-DC06FF8839DF}.Ad-Hoc|Mixed Platforms.ActiveCfg = Release|Any CPU
		{12AC2283-5031-41F7-B52D-DC06FF8839DF}.Ad-Hoc|Mixed Platforms.Build.0 = Release|Any CPU
		{12AC2283-5031-41F7-B52D-DC06FF8839DF}.Ad-Hoc|x64.ActiveCfg = Release|Any CPU
		{12AC2283-5031-41F7-B52D-DC06FF8839DF}.Ad-Hoc|x64.Build.0 = Release|Any CPU
		{12AC2283-5031-41F7-B52D-DC06FF8839DF}.Ad-Hoc|x86.ActiveCfg = Release|Any CPU
		{12AC2283-5031-41F7-B52D-DC06FF8839DF}.Ad-Hoc|x86.Build.0 = Release|Any CPU
		{12AC2283-5031-41F7-B52D-DC06FF8839DF}.AppStore|Any CPU.ActiveCfg = Release|Any CPU
		{12AC2283-5031-41F7-B52D-DC06FF8839DF}.AppStore|Any CPU.Build.0 = Release|Any CPU
		{12AC2283-5031-41F7-B52D-DC06FF8839DF}.AppStore|ARM.ActiveCfg = Release|Any CPU
		{12AC2283-5031-41F7-B52D-DC06FF8839DF}.AppStore|ARM.Build.0 = Release|Any CPU
		{12AC2283-5031-41F7-B52D-DC06FF8839DF}.AppStore|iPhone.ActiveCfg = Release|Any CPU
		{12AC2283-5031-41F7-B52D-DC06FF8839DF}.AppStore|iPhone.Build.0 = Release|Any CPU
		{12AC2283-5031-41F7-B52D-DC06FF8839DF}.AppStore|iPhoneSimulator.ActiveCfg = Release|Any CPU
		{12AC2283-5031-41F7-B52D-DC06FF8839DF}.AppStore|iPhoneSimulator.Build.0 = Release|Any CPU
		{12AC2283-5031-41F7-B52D-DC06FF8839DF}.AppStore|Mixed Platforms.ActiveCfg = Release|Any CPU
		{12AC2283-5031-41F7-B52D-DC06FF8839DF}.AppStore|Mixed Platforms.Build.0 = Release|Any CPU
		{12AC2283-5031-41F7-B52D-DC06FF8839DF}.AppStore|x64.ActiveCfg = Release|Any CPU
		{12AC2283-5031-41F7-B52D-DC06FF8839DF}.AppStore|x64.Build.0 = Release|Any CPU
		{12AC2283-5031-41F7-B52D-DC06FF8839DF}.AppStore|x86.ActiveCfg = Release|Any CPU
		{12AC2283-5031-41F7-B52D-DC06FF8839DF}.AppStore|x86.Build.0 = Release|Any CPU
		{12AC2283-5031-41F7-B52D-DC06FF8839DF}.Debug|Any CPU.ActiveCfg = Debug|Any CPU
		{12AC2283-5031-41F7-B52D-DC06FF8839DF}.Debug|Any CPU.Build.0 = Debug|Any CPU
		{12AC2283-5031-41F7-B52D-DC06FF8839DF}.Debug|Any CPU.Deploy.0 = Debug|Any CPU
		{12AC2283-5031-41F7-B52D-DC06FF8839DF}.Debug|ARM.ActiveCfg = Debug|Any CPU
		{12AC2283-5031-41F7-B52D-DC06FF8839DF}.Debug|ARM.Build.0 = Debug|Any CPU
		{12AC2283-5031-41F7-B52D-DC06FF8839DF}.Debug|iPhone.ActiveCfg = Debug|Any CPU
		{12AC2283-5031-41F7-B52D-DC06FF8839DF}.Debug|iPhone.Build.0 = Debug|Any CPU
		{12AC2283-5031-41F7-B52D-DC06FF8839DF}.Debug|iPhoneSimulator.ActiveCfg = Debug|Any CPU
		{12AC2283-5031-41F7-B52D-DC06FF8839DF}.Debug|iPhoneSimulator.Build.0 = Debug|Any CPU
		{12AC2283-5031-41F7-B52D-DC06FF8839DF}.Debug|Mixed Platforms.ActiveCfg = Debug|Any CPU
		{12AC2283-5031-41F7-B52D-DC06FF8839DF}.Debug|Mixed Platforms.Build.0 = Debug|Any CPU
		{12AC2283-5031-41F7-B52D-DC06FF8839DF}.Debug|x64.ActiveCfg = Debug|Any CPU
		{12AC2283-5031-41F7-B52D-DC06FF8839DF}.Debug|x64.Build.0 = Debug|Any CPU
		{12AC2283-5031-41F7-B52D-DC06FF8839DF}.Debug|x86.ActiveCfg = Debug|x86
		{12AC2283-5031-41F7-B52D-DC06FF8839DF}.Debug|x86.Build.0 = Debug|x86
		{12AC2283-5031-41F7-B52D-DC06FF8839DF}.Release|Any CPU.ActiveCfg = Release|Any CPU
		{12AC2283-5031-41F7-B52D-DC06FF8839DF}.Release|Any CPU.Build.0 = Release|Any CPU
		{12AC2283-5031-41F7-B52D-DC06FF8839DF}.Release|ARM.ActiveCfg = Release|Any CPU
		{12AC2283-5031-41F7-B52D-DC06FF8839DF}.Release|ARM.Build.0 = Release|Any CPU
		{12AC2283-5031-41F7-B52D-DC06FF8839DF}.Release|iPhone.ActiveCfg = Release|Any CPU
		{12AC2283-5031-41F7-B52D-DC06FF8839DF}.Release|iPhone.Build.0 = Release|Any CPU
		{12AC2283-5031-41F7-B52D-DC06FF8839DF}.Release|iPhoneSimulator.ActiveCfg = Release|Any CPU
		{12AC2283-5031-41F7-B52D-DC06FF8839DF}.Release|iPhoneSimulator.Build.0 = Release|Any CPU
		{12AC2283-5031-41F7-B52D-DC06FF8839DF}.Release|Mixed Platforms.ActiveCfg = Release|Any CPU
		{12AC2283-5031-41F7-B52D-DC06FF8839DF}.Release|Mixed Platforms.Build.0 = Release|Any CPU
		{12AC2283-5031-41F7-B52D-DC06FF8839DF}.Release|x64.ActiveCfg = Release|Any CPU
		{12AC2283-5031-41F7-B52D-DC06FF8839DF}.Release|x64.Build.0 = Release|Any CPU
		{12AC2283-5031-41F7-B52D-DC06FF8839DF}.Release|x86.ActiveCfg = Release|Any CPU
		{12AC2283-5031-41F7-B52D-DC06FF8839DF}.Release|x86.Build.0 = Release|Any CPU
		{5B7F14EB-014B-4044-B7F5-A46B7D8458B9}.Ad-Hoc|Any CPU.ActiveCfg = Release|x64
		{5B7F14EB-014B-4044-B7F5-A46B7D8458B9}.Ad-Hoc|Any CPU.Build.0 = Release|x64
		{5B7F14EB-014B-4044-B7F5-A46B7D8458B9}.Ad-Hoc|Any CPU.Deploy.0 = Release|x64
		{5B7F14EB-014B-4044-B7F5-A46B7D8458B9}.Ad-Hoc|ARM.ActiveCfg = Release|ARM
		{5B7F14EB-014B-4044-B7F5-A46B7D8458B9}.Ad-Hoc|ARM.Build.0 = Release|ARM
		{5B7F14EB-014B-4044-B7F5-A46B7D8458B9}.Ad-Hoc|ARM.Deploy.0 = Release|ARM
		{5B7F14EB-014B-4044-B7F5-A46B7D8458B9}.Ad-Hoc|iPhone.ActiveCfg = Release|x64
		{5B7F14EB-014B-4044-B7F5-A46B7D8458B9}.Ad-Hoc|iPhone.Build.0 = Release|x64
		{5B7F14EB-014B-4044-B7F5-A46B7D8458B9}.Ad-Hoc|iPhone.Deploy.0 = Release|x64
		{5B7F14EB-014B-4044-B7F5-A46B7D8458B9}.Ad-Hoc|iPhoneSimulator.ActiveCfg = Release|x64
		{5B7F14EB-014B-4044-B7F5-A46B7D8458B9}.Ad-Hoc|iPhoneSimulator.Build.0 = Release|x64
		{5B7F14EB-014B-4044-B7F5-A46B7D8458B9}.Ad-Hoc|iPhoneSimulator.Deploy.0 = Release|x64
		{5B7F14EB-014B-4044-B7F5-A46B7D8458B9}.Ad-Hoc|Mixed Platforms.ActiveCfg = Release|x86
		{5B7F14EB-014B-4044-B7F5-A46B7D8458B9}.Ad-Hoc|Mixed Platforms.Build.0 = Release|x86
		{5B7F14EB-014B-4044-B7F5-A46B7D8458B9}.Ad-Hoc|Mixed Platforms.Deploy.0 = Release|x86
		{5B7F14EB-014B-4044-B7F5-A46B7D8458B9}.Ad-Hoc|x64.ActiveCfg = Release|x64
		{5B7F14EB-014B-4044-B7F5-A46B7D8458B9}.Ad-Hoc|x64.Build.0 = Release|x64
		{5B7F14EB-014B-4044-B7F5-A46B7D8458B9}.Ad-Hoc|x64.Deploy.0 = Release|x64
		{5B7F14EB-014B-4044-B7F5-A46B7D8458B9}.Ad-Hoc|x86.ActiveCfg = Release|x86
		{5B7F14EB-014B-4044-B7F5-A46B7D8458B9}.Ad-Hoc|x86.Build.0 = Release|x86
		{5B7F14EB-014B-4044-B7F5-A46B7D8458B9}.Ad-Hoc|x86.Deploy.0 = Release|x86
		{5B7F14EB-014B-4044-B7F5-A46B7D8458B9}.AppStore|Any CPU.ActiveCfg = Release|x64
		{5B7F14EB-014B-4044-B7F5-A46B7D8458B9}.AppStore|Any CPU.Build.0 = Release|x64
		{5B7F14EB-014B-4044-B7F5-A46B7D8458B9}.AppStore|Any CPU.Deploy.0 = Release|x64
		{5B7F14EB-014B-4044-B7F5-A46B7D8458B9}.AppStore|ARM.ActiveCfg = Release|ARM
		{5B7F14EB-014B-4044-B7F5-A46B7D8458B9}.AppStore|ARM.Build.0 = Release|ARM
		{5B7F14EB-014B-4044-B7F5-A46B7D8458B9}.AppStore|ARM.Deploy.0 = Release|ARM
		{5B7F14EB-014B-4044-B7F5-A46B7D8458B9}.AppStore|iPhone.ActiveCfg = Release|x64
		{5B7F14EB-014B-4044-B7F5-A46B7D8458B9}.AppStore|iPhone.Build.0 = Release|x64
		{5B7F14EB-014B-4044-B7F5-A46B7D8458B9}.AppStore|iPhone.Deploy.0 = Release|x64
		{5B7F14EB-014B-4044-B7F5-A46B7D8458B9}.AppStore|iPhoneSimulator.ActiveCfg = Release|x64
		{5B7F14EB-014B-4044-B7F5-A46B7D8458B9}.AppStore|iPhoneSimulator.Build.0 = Release|x64
		{5B7F14EB-014B-4044-B7F5-A46B7D8458B9}.AppStore|iPhoneSimulator.Deploy.0 = Release|x64
		{5B7F14EB-014B-4044-B7F5-A46B7D8458B9}.AppStore|Mixed Platforms.ActiveCfg = Release|x86
		{5B7F14EB-014B-4044-B7F5-A46B7D8458B9}.AppStore|Mixed Platforms.Build.0 = Release|x86
		{5B7F14EB-014B-4044-B7F5-A46B7D8458B9}.AppStore|Mixed Platforms.Deploy.0 = Release|x86
		{5B7F14EB-014B-4044-B7F5-A46B7D8458B9}.AppStore|x64.ActiveCfg = Release|x64
		{5B7F14EB-014B-4044-B7F5-A46B7D8458B9}.AppStore|x64.Build.0 = Release|x64
		{5B7F14EB-014B-4044-B7F5-A46B7D8458B9}.AppStore|x64.Deploy.0 = Release|x64
		{5B7F14EB-014B-4044-B7F5-A46B7D8458B9}.AppStore|x86.ActiveCfg = Release|x86
		{5B7F14EB-014B-4044-B7F5-A46B7D8458B9}.AppStore|x86.Build.0 = Release|x86
		{5B7F14EB-014B-4044-B7F5-A46B7D8458B9}.AppStore|x86.Deploy.0 = Release|x86
		{5B7F14EB-014B-4044-B7F5-A46B7D8458B9}.Debug|Any CPU.ActiveCfg = Debug|x86
		{5B7F14EB-014B-4044-B7F5-A46B7D8458B9}.Debug|Any CPU.Build.0 = Debug|x86
		{5B7F14EB-014B-4044-B7F5-A46B7D8458B9}.Debug|Any CPU.Deploy.0 = Debug|x86
		{5B7F14EB-014B-4044-B7F5-A46B7D8458B9}.Debug|ARM.ActiveCfg = Debug|ARM
		{5B7F14EB-014B-4044-B7F5-A46B7D8458B9}.Debug|ARM.Build.0 = Debug|ARM
		{5B7F14EB-014B-4044-B7F5-A46B7D8458B9}.Debug|ARM.Deploy.0 = Debug|ARM
		{5B7F14EB-014B-4044-B7F5-A46B7D8458B9}.Debug|iPhone.ActiveCfg = Debug|x86
		{5B7F14EB-014B-4044-B7F5-A46B7D8458B9}.Debug|iPhoneSimulator.ActiveCfg = Debug|x86
		{5B7F14EB-014B-4044-B7F5-A46B7D8458B9}.Debug|Mixed Platforms.ActiveCfg = Debug|x86
		{5B7F14EB-014B-4044-B7F5-A46B7D8458B9}.Debug|Mixed Platforms.Build.0 = Debug|x86
		{5B7F14EB-014B-4044-B7F5-A46B7D8458B9}.Debug|Mixed Platforms.Deploy.0 = Debug|x86
		{5B7F14EB-014B-4044-B7F5-A46B7D8458B9}.Debug|x64.ActiveCfg = Debug|x64
		{5B7F14EB-014B-4044-B7F5-A46B7D8458B9}.Debug|x64.Build.0 = Debug|x64
		{5B7F14EB-014B-4044-B7F5-A46B7D8458B9}.Debug|x64.Deploy.0 = Debug|x64
		{5B7F14EB-014B-4044-B7F5-A46B7D8458B9}.Debug|x86.ActiveCfg = Debug|x86
		{5B7F14EB-014B-4044-B7F5-A46B7D8458B9}.Debug|x86.Build.0 = Debug|x86
		{5B7F14EB-014B-4044-B7F5-A46B7D8458B9}.Debug|x86.Deploy.0 = Debug|x86
		{5B7F14EB-014B-4044-B7F5-A46B7D8458B9}.Release|Any CPU.ActiveCfg = Release|x86
		{5B7F14EB-014B-4044-B7F5-A46B7D8458B9}.Release|Any CPU.Deploy.0 = Release|x86
		{5B7F14EB-014B-4044-B7F5-A46B7D8458B9}.Release|ARM.ActiveCfg = Release|ARM
		{5B7F14EB-014B-4044-B7F5-A46B7D8458B9}.Release|ARM.Build.0 = Release|ARM
		{5B7F14EB-014B-4044-B7F5-A46B7D8458B9}.Release|ARM.Deploy.0 = Release|ARM
		{5B7F14EB-014B-4044-B7F5-A46B7D8458B9}.Release|iPhone.ActiveCfg = Release|x86
		{5B7F14EB-014B-4044-B7F5-A46B7D8458B9}.Release|iPhoneSimulator.ActiveCfg = Release|x86
		{5B7F14EB-014B-4044-B7F5-A46B7D8458B9}.Release|Mixed Platforms.ActiveCfg = Release|x86
		{5B7F14EB-014B-4044-B7F5-A46B7D8458B9}.Release|Mixed Platforms.Build.0 = Release|x86
		{5B7F14EB-014B-4044-B7F5-A46B7D8458B9}.Release|Mixed Platforms.Deploy.0 = Release|x86
		{5B7F14EB-014B-4044-B7F5-A46B7D8458B9}.Release|x64.ActiveCfg = Release|x64
		{5B7F14EB-014B-4044-B7F5-A46B7D8458B9}.Release|x64.Build.0 = Release|x64
		{5B7F14EB-014B-4044-B7F5-A46B7D8458B9}.Release|x64.Deploy.0 = Release|x64
		{5B7F14EB-014B-4044-B7F5-A46B7D8458B9}.Release|x86.ActiveCfg = Release|x86
		{5B7F14EB-014B-4044-B7F5-A46B7D8458B9}.Release|x86.Build.0 = Release|x86
		{5B7F14EB-014B-4044-B7F5-A46B7D8458B9}.Release|x86.Deploy.0 = Release|x86
		{E059363F-C674-42FE-BD01-DDAA3C9D83AE}.Ad-Hoc|Any CPU.ActiveCfg = Release|Any CPU
		{E059363F-C674-42FE-BD01-DDAA3C9D83AE}.Ad-Hoc|Any CPU.Build.0 = Release|Any CPU
		{E059363F-C674-42FE-BD01-DDAA3C9D83AE}.Ad-Hoc|ARM.ActiveCfg = Release|Any CPU
		{E059363F-C674-42FE-BD01-DDAA3C9D83AE}.Ad-Hoc|ARM.Build.0 = Release|Any CPU
		{E059363F-C674-42FE-BD01-DDAA3C9D83AE}.Ad-Hoc|iPhone.ActiveCfg = Release|Any CPU
		{E059363F-C674-42FE-BD01-DDAA3C9D83AE}.Ad-Hoc|iPhone.Build.0 = Release|Any CPU
		{E059363F-C674-42FE-BD01-DDAA3C9D83AE}.Ad-Hoc|iPhoneSimulator.ActiveCfg = Release|Any CPU
		{E059363F-C674-42FE-BD01-DDAA3C9D83AE}.Ad-Hoc|iPhoneSimulator.Build.0 = Release|Any CPU
		{E059363F-C674-42FE-BD01-DDAA3C9D83AE}.Ad-Hoc|Mixed Platforms.ActiveCfg = Release|Any CPU
		{E059363F-C674-42FE-BD01-DDAA3C9D83AE}.Ad-Hoc|Mixed Platforms.Build.0 = Release|Any CPU
		{E059363F-C674-42FE-BD01-DDAA3C9D83AE}.Ad-Hoc|x64.ActiveCfg = Release|Any CPU
		{E059363F-C674-42FE-BD01-DDAA3C9D83AE}.Ad-Hoc|x64.Build.0 = Release|Any CPU
		{E059363F-C674-42FE-BD01-DDAA3C9D83AE}.Ad-Hoc|x86.ActiveCfg = Release|Any CPU
		{E059363F-C674-42FE-BD01-DDAA3C9D83AE}.Ad-Hoc|x86.Build.0 = Release|Any CPU
		{E059363F-C674-42FE-BD01-DDAA3C9D83AE}.AppStore|Any CPU.ActiveCfg = Release|Any CPU
		{E059363F-C674-42FE-BD01-DDAA3C9D83AE}.AppStore|Any CPU.Build.0 = Release|Any CPU
		{E059363F-C674-42FE-BD01-DDAA3C9D83AE}.AppStore|ARM.ActiveCfg = Release|Any CPU
		{E059363F-C674-42FE-BD01-DDAA3C9D83AE}.AppStore|ARM.Build.0 = Release|Any CPU
		{E059363F-C674-42FE-BD01-DDAA3C9D83AE}.AppStore|iPhone.ActiveCfg = Release|Any CPU
		{E059363F-C674-42FE-BD01-DDAA3C9D83AE}.AppStore|iPhone.Build.0 = Release|Any CPU
		{E059363F-C674-42FE-BD01-DDAA3C9D83AE}.AppStore|iPhoneSimulator.ActiveCfg = Release|Any CPU
		{E059363F-C674-42FE-BD01-DDAA3C9D83AE}.AppStore|iPhoneSimulator.Build.0 = Release|Any CPU
		{E059363F-C674-42FE-BD01-DDAA3C9D83AE}.AppStore|Mixed Platforms.ActiveCfg = Release|Any CPU
		{E059363F-C674-42FE-BD01-DDAA3C9D83AE}.AppStore|Mixed Platforms.Build.0 = Release|Any CPU
		{E059363F-C674-42FE-BD01-DDAA3C9D83AE}.AppStore|x64.ActiveCfg = Release|Any CPU
		{E059363F-C674-42FE-BD01-DDAA3C9D83AE}.AppStore|x64.Build.0 = Release|Any CPU
		{E059363F-C674-42FE-BD01-DDAA3C9D83AE}.AppStore|x86.ActiveCfg = Release|Any CPU
		{E059363F-C674-42FE-BD01-DDAA3C9D83AE}.AppStore|x86.Build.0 = Release|Any CPU
		{E059363F-C674-42FE-BD01-DDAA3C9D83AE}.Debug|Any CPU.ActiveCfg = Debug|Any CPU
		{E059363F-C674-42FE-BD01-DDAA3C9D83AE}.Debug|Any CPU.Build.0 = Debug|Any CPU
		{E059363F-C674-42FE-BD01-DDAA3C9D83AE}.Debug|Any CPU.Deploy.0 = Debug|Any CPU
		{E059363F-C674-42FE-BD01-DDAA3C9D83AE}.Debug|ARM.ActiveCfg = Debug|Any CPU
		{E059363F-C674-42FE-BD01-DDAA3C9D83AE}.Debug|ARM.Build.0 = Debug|Any CPU
		{E059363F-C674-42FE-BD01-DDAA3C9D83AE}.Debug|iPhone.ActiveCfg = Debug|Any CPU
		{E059363F-C674-42FE-BD01-DDAA3C9D83AE}.Debug|iPhone.Build.0 = Debug|Any CPU
		{E059363F-C674-42FE-BD01-DDAA3C9D83AE}.Debug|iPhoneSimulator.ActiveCfg = Debug|Any CPU
		{E059363F-C674-42FE-BD01-DDAA3C9D83AE}.Debug|iPhoneSimulator.Build.0 = Debug|Any CPU
		{E059363F-C674-42FE-BD01-DDAA3C9D83AE}.Debug|Mixed Platforms.ActiveCfg = Debug|Any CPU
		{E059363F-C674-42FE-BD01-DDAA3C9D83AE}.Debug|Mixed Platforms.Build.0 = Debug|Any CPU
		{E059363F-C674-42FE-BD01-DDAA3C9D83AE}.Debug|x64.ActiveCfg = Debug|Any CPU
		{E059363F-C674-42FE-BD01-DDAA3C9D83AE}.Debug|x64.Build.0 = Debug|Any CPU
		{E059363F-C674-42FE-BD01-DDAA3C9D83AE}.Debug|x86.ActiveCfg = Debug|x86
		{E059363F-C674-42FE-BD01-DDAA3C9D83AE}.Debug|x86.Build.0 = Debug|x86
		{E059363F-C674-42FE-BD01-DDAA3C9D83AE}.Release|Any CPU.ActiveCfg = Release|Any CPU
		{E059363F-C674-42FE-BD01-DDAA3C9D83AE}.Release|Any CPU.Build.0 = Release|Any CPU
		{E059363F-C674-42FE-BD01-DDAA3C9D83AE}.Release|ARM.ActiveCfg = Release|Any CPU
		{E059363F-C674-42FE-BD01-DDAA3C9D83AE}.Release|ARM.Build.0 = Release|Any CPU
		{E059363F-C674-42FE-BD01-DDAA3C9D83AE}.Release|iPhone.ActiveCfg = Release|Any CPU
		{E059363F-C674-42FE-BD01-DDAA3C9D83AE}.Release|iPhone.Build.0 = Release|Any CPU
		{E059363F-C674-42FE-BD01-DDAA3C9D83AE}.Release|iPhoneSimulator.ActiveCfg = Release|Any CPU
		{E059363F-C674-42FE-BD01-DDAA3C9D83AE}.Release|iPhoneSimulator.Build.0 = Release|Any CPU
		{E059363F-C674-42FE-BD01-DDAA3C9D83AE}.Release|Mixed Platforms.ActiveCfg = Release|Any CPU
		{E059363F-C674-42FE-BD01-DDAA3C9D83AE}.Release|Mixed Platforms.Build.0 = Release|Any CPU
		{E059363F-C674-42FE-BD01-DDAA3C9D83AE}.Release|x64.ActiveCfg = Release|Any CPU
		{E059363F-C674-42FE-BD01-DDAA3C9D83AE}.Release|x64.Build.0 = Release|Any CPU
		{E059363F-C674-42FE-BD01-DDAA3C9D83AE}.Release|x86.ActiveCfg = Release|Any CPU
		{E059363F-C674-42FE-BD01-DDAA3C9D83AE}.Release|x86.Build.0 = Release|Any CPU
		{9536191E-25D7-45DE-BFA1-39988AFA8A90}.Ad-Hoc|Any CPU.ActiveCfg = Release|Any CPU
		{9536191E-25D7-45DE-BFA1-39988AFA8A90}.Ad-Hoc|Any CPU.Build.0 = Release|Any CPU
		{9536191E-25D7-45DE-BFA1-39988AFA8A90}.Ad-Hoc|ARM.ActiveCfg = Release|Any CPU
		{9536191E-25D7-45DE-BFA1-39988AFA8A90}.Ad-Hoc|ARM.Build.0 = Release|Any CPU
		{9536191E-25D7-45DE-BFA1-39988AFA8A90}.Ad-Hoc|iPhone.ActiveCfg = Release|Any CPU
		{9536191E-25D7-45DE-BFA1-39988AFA8A90}.Ad-Hoc|iPhone.Build.0 = Release|Any CPU
		{9536191E-25D7-45DE-BFA1-39988AFA8A90}.Ad-Hoc|iPhoneSimulator.ActiveCfg = Release|Any CPU
		{9536191E-25D7-45DE-BFA1-39988AFA8A90}.Ad-Hoc|iPhoneSimulator.Build.0 = Release|Any CPU
		{9536191E-25D7-45DE-BFA1-39988AFA8A90}.Ad-Hoc|Mixed Platforms.ActiveCfg = Release|Any CPU
		{9536191E-25D7-45DE-BFA1-39988AFA8A90}.Ad-Hoc|Mixed Platforms.Build.0 = Release|Any CPU
		{9536191E-25D7-45DE-BFA1-39988AFA8A90}.Ad-Hoc|x64.ActiveCfg = Release|Any CPU
		{9536191E-25D7-45DE-BFA1-39988AFA8A90}.Ad-Hoc|x64.Build.0 = Release|Any CPU
		{9536191E-25D7-45DE-BFA1-39988AFA8A90}.Ad-Hoc|x86.ActiveCfg = Release|Any CPU
		{9536191E-25D7-45DE-BFA1-39988AFA8A90}.Ad-Hoc|x86.Build.0 = Release|Any CPU
		{9536191E-25D7-45DE-BFA1-39988AFA8A90}.AppStore|Any CPU.ActiveCfg = Release|Any CPU
		{9536191E-25D7-45DE-BFA1-39988AFA8A90}.AppStore|Any CPU.Build.0 = Release|Any CPU
		{9536191E-25D7-45DE-BFA1-39988AFA8A90}.AppStore|ARM.ActiveCfg = Release|Any CPU
		{9536191E-25D7-45DE-BFA1-39988AFA8A90}.AppStore|ARM.Build.0 = Release|Any CPU
		{9536191E-25D7-45DE-BFA1-39988AFA8A90}.AppStore|iPhone.ActiveCfg = Release|Any CPU
		{9536191E-25D7-45DE-BFA1-39988AFA8A90}.AppStore|iPhone.Build.0 = Release|Any CPU
		{9536191E-25D7-45DE-BFA1-39988AFA8A90}.AppStore|iPhoneSimulator.ActiveCfg = Release|Any CPU
		{9536191E-25D7-45DE-BFA1-39988AFA8A90}.AppStore|iPhoneSimulator.Build.0 = Release|Any CPU
		{9536191E-25D7-45DE-BFA1-39988AFA8A90}.AppStore|Mixed Platforms.ActiveCfg = Release|Any CPU
		{9536191E-25D7-45DE-BFA1-39988AFA8A90}.AppStore|Mixed Platforms.Build.0 = Release|Any CPU
		{9536191E-25D7-45DE-BFA1-39988AFA8A90}.AppStore|x64.ActiveCfg = Release|Any CPU
		{9536191E-25D7-45DE-BFA1-39988AFA8A90}.AppStore|x64.Build.0 = Release|Any CPU
		{9536191E-25D7-45DE-BFA1-39988AFA8A90}.AppStore|x86.ActiveCfg = Release|Any CPU
		{9536191E-25D7-45DE-BFA1-39988AFA8A90}.AppStore|x86.Build.0 = Release|Any CPU
		{9536191E-25D7-45DE-BFA1-39988AFA8A90}.Debug|Any CPU.ActiveCfg = Debug|Any CPU
		{9536191E-25D7-45DE-BFA1-39988AFA8A90}.Debug|Any CPU.Build.0 = Debug|Any CPU
		{9536191E-25D7-45DE-BFA1-39988AFA8A90}.Debug|ARM.ActiveCfg = Debug|Any CPU
		{9536191E-25D7-45DE-BFA1-39988AFA8A90}.Debug|ARM.Build.0 = Debug|Any CPU
		{9536191E-25D7-45DE-BFA1-39988AFA8A90}.Debug|iPhone.ActiveCfg = Debug|Any CPU
		{9536191E-25D7-45DE-BFA1-39988AFA8A90}.Debug|iPhone.Build.0 = Debug|Any CPU
		{9536191E-25D7-45DE-BFA1-39988AFA8A90}.Debug|iPhoneSimulator.ActiveCfg = Debug|Any CPU
		{9536191E-25D7-45DE-BFA1-39988AFA8A90}.Debug|iPhoneSimulator.Build.0 = Debug|Any CPU
		{9536191E-25D7-45DE-BFA1-39988AFA8A90}.Debug|Mixed Platforms.ActiveCfg = Debug|Any CPU
		{9536191E-25D7-45DE-BFA1-39988AFA8A90}.Debug|Mixed Platforms.Build.0 = Debug|Any CPU
		{9536191E-25D7-45DE-BFA1-39988AFA8A90}.Debug|x64.ActiveCfg = Debug|Any CPU
		{9536191E-25D7-45DE-BFA1-39988AFA8A90}.Debug|x64.Build.0 = Debug|Any CPU
		{9536191E-25D7-45DE-BFA1-39988AFA8A90}.Debug|x86.ActiveCfg = Debug|Any CPU
		{9536191E-25D7-45DE-BFA1-39988AFA8A90}.Debug|x86.Build.0 = Debug|Any CPU
		{9536191E-25D7-45DE-BFA1-39988AFA8A90}.Release|Any CPU.ActiveCfg = Release|Any CPU
		{9536191E-25D7-45DE-BFA1-39988AFA8A90}.Release|Any CPU.Build.0 = Release|Any CPU
		{9536191E-25D7-45DE-BFA1-39988AFA8A90}.Release|ARM.ActiveCfg = Release|Any CPU
		{9536191E-25D7-45DE-BFA1-39988AFA8A90}.Release|ARM.Build.0 = Release|Any CPU
		{9536191E-25D7-45DE-BFA1-39988AFA8A90}.Release|iPhone.ActiveCfg = Release|Any CPU
		{9536191E-25D7-45DE-BFA1-39988AFA8A90}.Release|iPhone.Build.0 = Release|Any CPU
		{9536191E-25D7-45DE-BFA1-39988AFA8A90}.Release|iPhoneSimulator.ActiveCfg = Release|Any CPU
		{9536191E-25D7-45DE-BFA1-39988AFA8A90}.Release|iPhoneSimulator.Build.0 = Release|Any CPU
		{9536191E-25D7-45DE-BFA1-39988AFA8A90}.Release|Mixed Platforms.ActiveCfg = Release|Any CPU
		{9536191E-25D7-45DE-BFA1-39988AFA8A90}.Release|Mixed Platforms.Build.0 = Release|Any CPU
		{9536191E-25D7-45DE-BFA1-39988AFA8A90}.Release|x64.ActiveCfg = Release|Any CPU
		{9536191E-25D7-45DE-BFA1-39988AFA8A90}.Release|x64.Build.0 = Release|Any CPU
		{9536191E-25D7-45DE-BFA1-39988AFA8A90}.Release|x86.ActiveCfg = Release|Any CPU
		{9536191E-25D7-45DE-BFA1-39988AFA8A90}.Release|x86.Build.0 = Release|Any CPU
	EndGlobalSection
	GlobalSection(SolutionProperties) = preSolution
		HideSolutionNode = FALSE
	EndGlobalSection
	GlobalSection(NestedProjects) = preSolution
		{5B7F14EB-014B-4044-B7F5-A46B7D8458B9} = {88E62699-9893-442B-9F27-C83818726C28}
		{9536191E-25D7-45DE-BFA1-39988AFA8A90} = {88E62699-9893-442B-9F27-C83818726C28}
	EndGlobalSection
EndGlobal
