
Microsoft Visual Studio Solution File, Format Version 12.00
# Visual Studio 15
VisualStudioVersion = 15.0.26430.6
MinimumVisualStudioVersion = 10.0.40219.1
Project("{2150E333-8FDC-42A3-9474-1A3956D46DE8}") = "Tests", "Tests", "{88E62699-9893-442B-9F27-C83818726C28}"
EndProject
Project("{2150E333-8FDC-42A3-9474-1A3956D46DE8}") = "Github", "Github", "{0D63487A-43FA-4CBD-ACF6-1D0A3140095F}"
	ProjectSection(SolutionItems) = preProject
		..\..\README.md = ..\..\README.md
	EndProjectSection
EndProject
Project("{2150E333-8FDC-42A3-9474-1A3956D46DE8}") = "Nuget", "Nuget", "{83DC400F-874C-4A2C-89D8-D59A227014F7}"
	ProjectSection(SolutionItems) = preProject
		..\build\build.ps1 = ..\build\build.ps1
		..\build\pack.ps1 = ..\build\pack.ps1
		..\build\publish.ps1 = ..\build\publish.ps1
		..\build\publishLocal.ps1 = ..\build\publishLocal.ps1
		SimpleHttpListener.png = SimpleHttpListener.png
		..\build\SimpleHttpServer.nuspec = ..\build\SimpleHttpServer.nuspec
	EndProjectSection
EndProject
Project("{FAE04EC0-301F-11D3-BF4B-00C04F79EFBC}") = "UwpClient.Test", "..\test\UwpClient.Test\UwpClient.Test.csproj", "{5B7F14EB-014B-4044-B7F5-A46B7D8458B9}"
EndProject
Project("{9A19103F-16F7-4668-BE54-9A1E7A4F7556}") = "Console.NETCore.Test", "..\test\Console.NETCore.Test\Console.NETCore.Test.csproj", "{F1946BA2-2928-4D48-B4B6-3323B0CA805F}"
EndProject
Project("{FAE04EC0-301F-11D3-BF4B-00C04F79EFBC}") = "ISimpleHttpServer.Netstandard", "ISimpleHttpServer.Netstandard\ISimpleHttpServer.Netstandard.csproj", "{33FC8B0A-CEE1-4873-957F-66B66ACDA699}"
EndProject
Project("{FAE04EC0-301F-11D3-BF4B-00C04F79EFBC}") = "SimpleHttpServer.Netstandard", "SimpleHttpServer.Netstandard\SimpleHttpServer.Netstandard.csproj", "{7CD2818D-86FC-4C09-8A1A-F84318CE4AC7}"
EndProject
Project("{2150E333-8FDC-42A3-9474-1A3956D46DE8}") = "Interface", "Interface", "{2360632D-7853-40AB-BFC7-2F8E69C858B3}"
EndProject
Global
	GlobalSection(SolutionConfigurationPlatforms) = preSolution
		Ad-Hoc|Any CPU = Ad-Hoc|Any CPU
		Ad-Hoc|ARM = Ad-Hoc|ARM
		Ad-Hoc|iPhone = Ad-Hoc|iPhone
		Ad-Hoc|iPhoneSimulator = Ad-Hoc|iPhoneSimulator
		Ad-Hoc|Mixed Platforms = Ad-Hoc|Mixed Platforms
		Ad-Hoc|x64 = Ad-Hoc|x64
		Ad-Hoc|x86 = Ad-Hoc|x86
		AppStore|Any CPU = AppStore|Any CPU
		AppStore|ARM = AppStore|ARM
		AppStore|iPhone = AppStore|iPhone
		AppStore|iPhoneSimulator = AppStore|iPhoneSimulator
		AppStore|Mixed Platforms = AppStore|Mixed Platforms
		AppStore|x64 = AppStore|x64
		AppStore|x86 = AppStore|x86
		Debug|Any CPU = Debug|Any CPU
		Debug|ARM = Debug|ARM
		Debug|iPhone = Debug|iPhone
		Debug|iPhoneSimulator = Debug|iPhoneSimulator
		Debug|Mixed Platforms = Debug|Mixed Platforms
		Debug|x64 = Debug|x64
		Debug|x86 = Debug|x86
		Release|Any CPU = Release|Any CPU
		Release|ARM = Release|ARM
		Release|iPhone = Release|iPhone
		Release|iPhoneSimulator = Release|iPhoneSimulator
		Release|Mixed Platforms = Release|Mixed Platforms
		Release|x64 = Release|x64
		Release|x86 = Release|x86
	EndGlobalSection
	GlobalSection(ProjectConfigurationPlatforms) = postSolution
		{5B7F14EB-014B-4044-B7F5-A46B7D8458B9}.Ad-Hoc|Any CPU.ActiveCfg = Release|x64
		{5B7F14EB-014B-4044-B7F5-A46B7D8458B9}.Ad-Hoc|Any CPU.Build.0 = Release|x64
		{5B7F14EB-014B-4044-B7F5-A46B7D8458B9}.Ad-Hoc|Any CPU.Deploy.0 = Release|x64
		{5B7F14EB-014B-4044-B7F5-A46B7D8458B9}.Ad-Hoc|ARM.ActiveCfg = Release|ARM
		{5B7F14EB-014B-4044-B7F5-A46B7D8458B9}.Ad-Hoc|ARM.Build.0 = Release|ARM
		{5B7F14EB-014B-4044-B7F5-A46B7D8458B9}.Ad-Hoc|ARM.Deploy.0 = Release|ARM
		{5B7F14EB-014B-4044-B7F5-A46B7D8458B9}.Ad-Hoc|iPhone.ActiveCfg = Release|x64
		{5B7F14EB-014B-4044-B7F5-A46B7D8458B9}.Ad-Hoc|iPhone.Build.0 = Release|x64
		{5B7F14EB-014B-4044-B7F5-A46B7D8458B9}.Ad-Hoc|iPhone.Deploy.0 = Release|x64
		{5B7F14EB-014B-4044-B7F5-A46B7D8458B9}.Ad-Hoc|iPhoneSimulator.ActiveCfg = Release|x64
		{5B7F14EB-014B-4044-B7F5-A46B7D8458B9}.Ad-Hoc|iPhoneSimulator.Build.0 = Release|x64
		{5B7F14EB-014B-4044-B7F5-A46B7D8458B9}.Ad-Hoc|iPhoneSimulator.Deploy.0 = Release|x64
		{5B7F14EB-014B-4044-B7F5-A46B7D8458B9}.Ad-Hoc|Mixed Platforms.ActiveCfg = Release|x86
		{5B7F14EB-014B-4044-B7F5-A46B7D8458B9}.Ad-Hoc|Mixed Platforms.Build.0 = Release|x86
		{5B7F14EB-014B-4044-B7F5-A46B7D8458B9}.Ad-Hoc|Mixed Platforms.Deploy.0 = Release|x86
		{5B7F14EB-014B-4044-B7F5-A46B7D8458B9}.Ad-Hoc|x64.ActiveCfg = Release|x64
		{5B7F14EB-014B-4044-B7F5-A46B7D8458B9}.Ad-Hoc|x64.Build.0 = Release|x64
		{5B7F14EB-014B-4044-B7F5-A46B7D8458B9}.Ad-Hoc|x64.Deploy.0 = Release|x64
		{5B7F14EB-014B-4044-B7F5-A46B7D8458B9}.Ad-Hoc|x86.ActiveCfg = Release|x86
		{5B7F14EB-014B-4044-B7F5-A46B7D8458B9}.Ad-Hoc|x86.Build.0 = Release|x86
		{5B7F14EB-014B-4044-B7F5-A46B7D8458B9}.Ad-Hoc|x86.Deploy.0 = Release|x86
		{5B7F14EB-014B-4044-B7F5-A46B7D8458B9}.AppStore|Any CPU.ActiveCfg = Release|x64
		{5B7F14EB-014B-4044-B7F5-A46B7D8458B9}.AppStore|Any CPU.Build.0 = Release|x64
		{5B7F14EB-014B-4044-B7F5-A46B7D8458B9}.AppStore|Any CPU.Deploy.0 = Release|x64
		{5B7F14EB-014B-4044-B7F5-A46B7D8458B9}.AppStore|ARM.ActiveCfg = Release|ARM
		{5B7F14EB-014B-4044-B7F5-A46B7D8458B9}.AppStore|ARM.Build.0 = Release|ARM
		{5B7F14EB-014B-4044-B7F5-A46B7D8458B9}.AppStore|ARM.Deploy.0 = Release|ARM
		{5B7F14EB-014B-4044-B7F5-A46B7D8458B9}.AppStore|iPhone.ActiveCfg = Release|x64
		{5B7F14EB-014B-4044-B7F5-A46B7D8458B9}.AppStore|iPhone.Build.0 = Release|x64
		{5B7F14EB-014B-4044-B7F5-A46B7D8458B9}.AppStore|iPhone.Deploy.0 = Release|x64
		{5B7F14EB-014B-4044-B7F5-A46B7D8458B9}.AppStore|iPhoneSimulator.ActiveCfg = Release|x64
		{5B7F14EB-014B-4044-B7F5-A46B7D8458B9}.AppStore|iPhoneSimulator.Build.0 = Release|x64
		{5B7F14EB-014B-4044-B7F5-A46B7D8458B9}.AppStore|iPhoneSimulator.Deploy.0 = Release|x64
		{5B7F14EB-014B-4044-B7F5-A46B7D8458B9}.AppStore|Mixed Platforms.ActiveCfg = Release|x86
		{5B7F14EB-014B-4044-B7F5-A46B7D8458B9}.AppStore|Mixed Platforms.Build.0 = Release|x86
		{5B7F14EB-014B-4044-B7F5-A46B7D8458B9}.AppStore|Mixed Platforms.Deploy.0 = Release|x86
		{5B7F14EB-014B-4044-B7F5-A46B7D8458B9}.AppStore|x64.ActiveCfg = Release|x64
		{5B7F14EB-014B-4044-B7F5-A46B7D8458B9}.AppStore|x64.Build.0 = Release|x64
		{5B7F14EB-014B-4044-B7F5-A46B7D8458B9}.AppStore|x64.Deploy.0 = Release|x64
		{5B7F14EB-014B-4044-B7F5-A46B7D8458B9}.AppStore|x86.ActiveCfg = Release|x86
		{5B7F14EB-014B-4044-B7F5-A46B7D8458B9}.AppStore|x86.Build.0 = Release|x86
		{5B7F14EB-014B-4044-B7F5-A46B7D8458B9}.AppStore|x86.Deploy.0 = Release|x86
		{5B7F14EB-014B-4044-B7F5-A46B7D8458B9}.Debug|Any CPU.ActiveCfg = Debug|x86
		{5B7F14EB-014B-4044-B7F5-A46B7D8458B9}.Debug|Any CPU.Build.0 = Debug|x86
		{5B7F14EB-014B-4044-B7F5-A46B7D8458B9}.Debug|Any CPU.Deploy.0 = Debug|x86
		{5B7F14EB-014B-4044-B7F5-A46B7D8458B9}.Debug|ARM.ActiveCfg = Debug|ARM
		{5B7F14EB-014B-4044-B7F5-A46B7D8458B9}.Debug|ARM.Build.0 = Debug|ARM
		{5B7F14EB-014B-4044-B7F5-A46B7D8458B9}.Debug|ARM.Deploy.0 = Debug|ARM
		{5B7F14EB-014B-4044-B7F5-A46B7D8458B9}.Debug|iPhone.ActiveCfg = Debug|x86
		{5B7F14EB-014B-4044-B7F5-A46B7D8458B9}.Debug|iPhoneSimulator.ActiveCfg = Debug|x86
		{5B7F14EB-014B-4044-B7F5-A46B7D8458B9}.Debug|Mixed Platforms.ActiveCfg = Debug|x86
		{5B7F14EB-014B-4044-B7F5-A46B7D8458B9}.Debug|Mixed Platforms.Build.0 = Debug|x86
		{5B7F14EB-014B-4044-B7F5-A46B7D8458B9}.Debug|Mixed Platforms.Deploy.0 = Debug|x86
		{5B7F14EB-014B-4044-B7F5-A46B7D8458B9}.Debug|x64.ActiveCfg = Debug|x64
		{5B7F14EB-014B-4044-B7F5-A46B7D8458B9}.Debug|x64.Build.0 = Debug|x64
		{5B7F14EB-014B-4044-B7F5-A46B7D8458B9}.Debug|x64.Deploy.0 = Debug|x64
		{5B7F14EB-014B-4044-B7F5-A46B7D8458B9}.Debug|x86.ActiveCfg = Debug|x86
		{5B7F14EB-014B-4044-B7F5-A46B7D8458B9}.Debug|x86.Build.0 = Debug|x86
		{5B7F14EB-014B-4044-B7F5-A46B7D8458B9}.Debug|x86.Deploy.0 = Debug|x86
		{5B7F14EB-014B-4044-B7F5-A46B7D8458B9}.Release|Any CPU.ActiveCfg = Release|x86
		{5B7F14EB-014B-4044-B7F5-A46B7D8458B9}.Release|ARM.ActiveCfg = Release|ARM
		{5B7F14EB-014B-4044-B7F5-A46B7D8458B9}.Release|ARM.Build.0 = Release|ARM
		{5B7F14EB-014B-4044-B7F5-A46B7D8458B9}.Release|ARM.Deploy.0 = Release|ARM
		{5B7F14EB-014B-4044-B7F5-A46B7D8458B9}.Release|iPhone.ActiveCfg = Release|x86
		{5B7F14EB-014B-4044-B7F5-A46B7D8458B9}.Release|iPhoneSimulator.ActiveCfg = Release|x86
		{5B7F14EB-014B-4044-B7F5-A46B7D8458B9}.Release|Mixed Platforms.ActiveCfg = Release|x86
		{5B7F14EB-014B-4044-B7F5-A46B7D8458B9}.Release|Mixed Platforms.Build.0 = Release|x86
		{5B7F14EB-014B-4044-B7F5-A46B7D8458B9}.Release|Mixed Platforms.Deploy.0 = Release|x86
		{5B7F14EB-014B-4044-B7F5-A46B7D8458B9}.Release|x64.ActiveCfg = Release|x64
		{5B7F14EB-014B-4044-B7F5-A46B7D8458B9}.Release|x64.Build.0 = Release|x64
		{5B7F14EB-014B-4044-B7F5-A46B7D8458B9}.Release|x64.Deploy.0 = Release|x64
		{5B7F14EB-014B-4044-B7F5-A46B7D8458B9}.Release|x86.ActiveCfg = Release|x86
		{5B7F14EB-014B-4044-B7F5-A46B7D8458B9}.Release|x86.Build.0 = Release|x86
		{5B7F14EB-014B-4044-B7F5-A46B7D8458B9}.Release|x86.Deploy.0 = Release|x86
		{F1946BA2-2928-4D48-B4B6-3323B0CA805F}.Ad-Hoc|Any CPU.ActiveCfg = Debug|Any CPU
		{F1946BA2-2928-4D48-B4B6-3323B0CA805F}.Ad-Hoc|Any CPU.Build.0 = Debug|Any CPU
		{F1946BA2-2928-4D48-B4B6-3323B0CA805F}.Ad-Hoc|ARM.ActiveCfg = Debug|Any CPU
		{F1946BA2-2928-4D48-B4B6-3323B0CA805F}.Ad-Hoc|ARM.Build.0 = Debug|Any CPU
		{F1946BA2-2928-4D48-B4B6-3323B0CA805F}.Ad-Hoc|iPhone.ActiveCfg = Debug|Any CPU
		{F1946BA2-2928-4D48-B4B6-3323B0CA805F}.Ad-Hoc|iPhone.Build.0 = Debug|Any CPU
		{F1946BA2-2928-4D48-B4B6-3323B0CA805F}.Ad-Hoc|iPhoneSimulator.ActiveCfg = Debug|Any CPU
		{F1946BA2-2928-4D48-B4B6-3323B0CA805F}.Ad-Hoc|iPhoneSimulator.Build.0 = Debug|Any CPU
		{F1946BA2-2928-4D48-B4B6-3323B0CA805F}.Ad-Hoc|Mixed Platforms.ActiveCfg = Release|Any CPU
		{F1946BA2-2928-4D48-B4B6-3323B0CA805F}.Ad-Hoc|Mixed Platforms.Build.0 = Release|Any CPU
		{F1946BA2-2928-4D48-B4B6-3323B0CA805F}.Ad-Hoc|x64.ActiveCfg = Release|Any CPU
		{F1946BA2-2928-4D48-B4B6-3323B0CA805F}.Ad-Hoc|x64.Build.0 = Release|Any CPU
		{F1946BA2-2928-4D48-B4B6-3323B0CA805F}.Ad-Hoc|x86.ActiveCfg = Release|Any CPU
		{F1946BA2-2928-4D48-B4B6-3323B0CA805F}.Ad-Hoc|x86.Build.0 = Release|Any CPU
		{F1946BA2-2928-4D48-B4B6-3323B0CA805F}.AppStore|Any CPU.ActiveCfg = Debug|Any CPU
		{F1946BA2-2928-4D48-B4B6-3323B0CA805F}.AppStore|Any CPU.Build.0 = Debug|Any CPU
		{F1946BA2-2928-4D48-B4B6-3323B0CA805F}.AppStore|ARM.ActiveCfg = Debug|Any CPU
		{F1946BA2-2928-4D48-B4B6-3323B0CA805F}.AppStore|ARM.Build.0 = Debug|Any CPU
		{F1946BA2-2928-4D48-B4B6-3323B0CA805F}.AppStore|iPhone.ActiveCfg = Debug|Any CPU
		{F1946BA2-2928-4D48-B4B6-3323B0CA805F}.AppStore|iPhone.Build.0 = Debug|Any CPU
		{F1946BA2-2928-4D48-B4B6-3323B0CA805F}.AppStore|iPhoneSimulator.ActiveCfg = Debug|Any CPU
		{F1946BA2-2928-4D48-B4B6-3323B0CA805F}.AppStore|iPhoneSimulator.Build.0 = Debug|Any CPU
		{F1946BA2-2928-4D48-B4B6-3323B0CA805F}.AppStore|Mixed Platforms.ActiveCfg = Release|Any CPU
		{F1946BA2-2928-4D48-B4B6-3323B0CA805F}.AppStore|Mixed Platforms.Build.0 = Release|Any CPU
		{F1946BA2-2928-4D48-B4B6-3323B0CA805F}.AppStore|x64.ActiveCfg = Release|Any CPU
		{F1946BA2-2928-4D48-B4B6-3323B0CA805F}.AppStore|x64.Build.0 = Release|Any CPU
		{F1946BA2-2928-4D48-B4B6-3323B0CA805F}.AppStore|x86.ActiveCfg = Release|Any CPU
		{F1946BA2-2928-4D48-B4B6-3323B0CA805F}.AppStore|x86.Build.0 = Release|Any CPU
		{F1946BA2-2928-4D48-B4B6-3323B0CA805F}.Debug|Any CPU.ActiveCfg = Debug|Any CPU
		{F1946BA2-2928-4D48-B4B6-3323B0CA805F}.Debug|Any CPU.Build.0 = Debug|Any CPU
		{F1946BA2-2928-4D48-B4B6-3323B0CA805F}.Debug|ARM.ActiveCfg = Debug|Any CPU
		{F1946BA2-2928-4D48-B4B6-3323B0CA805F}.Debug|ARM.Build.0 = Debug|Any CPU
		{F1946BA2-2928-4D48-B4B6-3323B0CA805F}.Debug|iPhone.ActiveCfg = Debug|Any CPU
		{F1946BA2-2928-4D48-B4B6-3323B0CA805F}.Debug|iPhone.Build.0 = Debug|Any CPU
		{F1946BA2-2928-4D48-B4B6-3323B0CA805F}.Debug|iPhoneSimulator.ActiveCfg = Debug|Any CPU
		{F1946BA2-2928-4D48-B4B6-3323B0CA805F}.Debug|iPhoneSimulator.Build.0 = Debug|Any CPU
		{F1946BA2-2928-4D48-B4B6-3323B0CA805F}.Debug|Mixed Platforms.ActiveCfg = Debug|Any CPU
		{F1946BA2-2928-4D48-B4B6-3323B0CA805F}.Debug|Mixed Platforms.Build.0 = Debug|Any CPU
		{F1946BA2-2928-4D48-B4B6-3323B0CA805F}.Debug|x64.ActiveCfg = Debug|Any CPU
		{F1946BA2-2928-4D48-B4B6-3323B0CA805F}.Debug|x64.Build.0 = Debug|Any CPU
		{F1946BA2-2928-4D48-B4B6-3323B0CA805F}.Debug|x86.ActiveCfg = Debug|Any CPU
		{F1946BA2-2928-4D48-B4B6-3323B0CA805F}.Debug|x86.Build.0 = Debug|Any CPU
		{F1946BA2-2928-4D48-B4B6-3323B0CA805F}.Release|Any CPU.ActiveCfg = Release|Any CPU
		{F1946BA2-2928-4D48-B4B6-3323B0CA805F}.Release|Any CPU.Build.0 = Release|Any CPU
		{F1946BA2-2928-4D48-B4B6-3323B0CA805F}.Release|ARM.ActiveCfg = Release|Any CPU
		{F1946BA2-2928-4D48-B4B6-3323B0CA805F}.Release|ARM.Build.0 = Release|Any CPU
		{F1946BA2-2928-4D48-B4B6-3323B0CA805F}.Release|iPhone.ActiveCfg = Release|Any CPU
		{F1946BA2-2928-4D48-B4B6-3323B0CA805F}.Release|iPhone.Build.0 = Release|Any CPU
		{F1946BA2-2928-4D48-B4B6-3323B0CA805F}.Release|iPhoneSimulator.ActiveCfg = Release|Any CPU
		{F1946BA2-2928-4D48-B4B6-3323B0CA805F}.Release|iPhoneSimulator.Build.0 = Release|Any CPU
		{F1946BA2-2928-4D48-B4B6-3323B0CA805F}.Release|Mixed Platforms.ActiveCfg = Release|Any CPU
		{F1946BA2-2928-4D48-B4B6-3323B0CA805F}.Release|Mixed Platforms.Build.0 = Release|Any CPU
		{F1946BA2-2928-4D48-B4B6-3323B0CA805F}.Release|x64.ActiveCfg = Release|Any CPU
		{F1946BA2-2928-4D48-B4B6-3323B0CA805F}.Release|x64.Build.0 = Release|Any CPU
		{F1946BA2-2928-4D48-B4B6-3323B0CA805F}.Release|x86.ActiveCfg = Release|Any CPU
		{F1946BA2-2928-4D48-B4B6-3323B0CA805F}.Release|x86.Build.0 = Release|Any CPU
		{33FC8B0A-CEE1-4873-957F-66B66ACDA699}.Ad-Hoc|Any CPU.ActiveCfg = Debug|Any CPU
		{33FC8B0A-CEE1-4873-957F-66B66ACDA699}.Ad-Hoc|Any CPU.Build.0 = Debug|Any CPU
		{33FC8B0A-CEE1-4873-957F-66B66ACDA699}.Ad-Hoc|ARM.ActiveCfg = Debug|Any CPU
		{33FC8B0A-CEE1-4873-957F-66B66ACDA699}.Ad-Hoc|ARM.Build.0 = Debug|Any CPU
		{33FC8B0A-CEE1-4873-957F-66B66ACDA699}.Ad-Hoc|iPhone.ActiveCfg = Debug|Any CPU
		{33FC8B0A-CEE1-4873-957F-66B66ACDA699}.Ad-Hoc|iPhone.Build.0 = Debug|Any CPU
		{33FC8B0A-CEE1-4873-957F-66B66ACDA699}.Ad-Hoc|iPhoneSimulator.ActiveCfg = Debug|Any CPU
		{33FC8B0A-CEE1-4873-957F-66B66ACDA699}.Ad-Hoc|iPhoneSimulator.Build.0 = Debug|Any CPU
		{33FC8B0A-CEE1-4873-957F-66B66ACDA699}.Ad-Hoc|Mixed Platforms.ActiveCfg = Debug|Any CPU
		{33FC8B0A-CEE1-4873-957F-66B66ACDA699}.Ad-Hoc|Mixed Platforms.Build.0 = Debug|Any CPU
		{33FC8B0A-CEE1-4873-957F-66B66ACDA699}.Ad-Hoc|x64.ActiveCfg = Debug|Any CPU
		{33FC8B0A-CEE1-4873-957F-66B66ACDA699}.Ad-Hoc|x64.Build.0 = Debug|Any CPU
		{33FC8B0A-CEE1-4873-957F-66B66ACDA699}.Ad-Hoc|x86.ActiveCfg = Debug|Any CPU
		{33FC8B0A-CEE1-4873-957F-66B66ACDA699}.Ad-Hoc|x86.Build.0 = Debug|Any CPU
		{33FC8B0A-CEE1-4873-957F-66B66ACDA699}.AppStore|Any CPU.ActiveCfg = Debug|Any CPU
		{33FC8B0A-CEE1-4873-957F-66B66ACDA699}.AppStore|Any CPU.Build.0 = Debug|Any CPU
		{33FC8B0A-CEE1-4873-957F-66B66ACDA699}.AppStore|ARM.ActiveCfg = Debug|Any CPU
		{33FC8B0A-CEE1-4873-957F-66B66ACDA699}.AppStore|ARM.Build.0 = Debug|Any CPU
		{33FC8B0A-CEE1-4873-957F-66B66ACDA699}.AppStore|iPhone.ActiveCfg = Debug|Any CPU
		{33FC8B0A-CEE1-4873-957F-66B66ACDA699}.AppStore|iPhone.Build.0 = Debug|Any CPU
		{33FC8B0A-CEE1-4873-957F-66B66ACDA699}.AppStore|iPhoneSimulator.ActiveCfg = Debug|Any CPU
		{33FC8B0A-CEE1-4873-957F-66B66ACDA699}.AppStore|iPhoneSimulator.Build.0 = Debug|Any CPU
		{33FC8B0A-CEE1-4873-957F-66B66ACDA699}.AppStore|Mixed Platforms.ActiveCfg = Debug|Any CPU
		{33FC8B0A-CEE1-4873-957F-66B66ACDA699}.AppStore|Mixed Platforms.Build.0 = Debug|Any CPU
		{33FC8B0A-CEE1-4873-957F-66B66ACDA699}.AppStore|x64.ActiveCfg = Debug|Any CPU
		{33FC8B0A-CEE1-4873-957F-66B66ACDA699}.AppStore|x64.Build.0 = Debug|Any CPU
		{33FC8B0A-CEE1-4873-957F-66B66ACDA699}.AppStore|x86.ActiveCfg = Debug|Any CPU
		{33FC8B0A-CEE1-4873-957F-66B66ACDA699}.AppStore|x86.Build.0 = Debug|Any CPU
		{33FC8B0A-CEE1-4873-957F-66B66ACDA699}.Debug|Any CPU.ActiveCfg = Debug|Any CPU
		{33FC8B0A-CEE1-4873-957F-66B66ACDA699}.Debug|Any CPU.Build.0 = Debug|Any CPU
		{33FC8B0A-CEE1-4873-957F-66B66ACDA699}.Debug|ARM.ActiveCfg = Debug|Any CPU
		{33FC8B0A-CEE1-4873-957F-66B66ACDA699}.Debug|ARM.Build.0 = Debug|Any CPU
		{33FC8B0A-CEE1-4873-957F-66B66ACDA699}.Debug|iPhone.ActiveCfg = Debug|Any CPU
		{33FC8B0A-CEE1-4873-957F-66B66ACDA699}.Debug|iPhone.Build.0 = Debug|Any CPU
		{33FC8B0A-CEE1-4873-957F-66B66ACDA699}.Debug|iPhoneSimulator.ActiveCfg = Debug|Any CPU
		{33FC8B0A-CEE1-4873-957F-66B66ACDA699}.Debug|iPhoneSimulator.Build.0 = Debug|Any CPU
		{33FC8B0A-CEE1-4873-957F-66B66ACDA699}.Debug|Mixed Platforms.ActiveCfg = Debug|Any CPU
		{33FC8B0A-CEE1-4873-957F-66B66ACDA699}.Debug|Mixed Platforms.Build.0 = Debug|Any CPU
		{33FC8B0A-CEE1-4873-957F-66B66ACDA699}.Debug|x64.ActiveCfg = Debug|Any CPU
		{33FC8B0A-CEE1-4873-957F-66B66ACDA699}.Debug|x64.Build.0 = Debug|Any CPU
		{33FC8B0A-CEE1-4873-957F-66B66ACDA699}.Debug|x86.ActiveCfg = Debug|Any CPU
		{33FC8B0A-CEE1-4873-957F-66B66ACDA699}.Debug|x86.Build.0 = Debug|Any CPU
		{33FC8B0A-CEE1-4873-957F-66B66ACDA699}.Release|Any CPU.ActiveCfg = Release|Any CPU
		{33FC8B0A-CEE1-4873-957F-66B66ACDA699}.Release|Any CPU.Build.0 = Release|Any CPU
		{33FC8B0A-CEE1-4873-957F-66B66ACDA699}.Release|ARM.ActiveCfg = Release|Any CPU
		{33FC8B0A-CEE1-4873-957F-66B66ACDA699}.Release|ARM.Build.0 = Release|Any CPU
		{33FC8B0A-CEE1-4873-957F-66B66ACDA699}.Release|iPhone.ActiveCfg = Release|Any CPU
		{33FC8B0A-CEE1-4873-957F-66B66ACDA699}.Release|iPhone.Build.0 = Release|Any CPU
		{33FC8B0A-CEE1-4873-957F-66B66ACDA699}.Release|iPhoneSimulator.ActiveCfg = Release|Any CPU
		{33FC8B0A-CEE1-4873-957F-66B66ACDA699}.Release|iPhoneSimulator.Build.0 = Release|Any CPU
		{33FC8B0A-CEE1-4873-957F-66B66ACDA699}.Release|Mixed Platforms.ActiveCfg = Release|Any CPU
		{33FC8B0A-CEE1-4873-957F-66B66ACDA699}.Release|Mixed Platforms.Build.0 = Release|Any CPU
		{33FC8B0A-CEE1-4873-957F-66B66ACDA699}.Release|x64.ActiveCfg = Release|Any CPU
		{33FC8B0A-CEE1-4873-957F-66B66ACDA699}.Release|x64.Build.0 = Release|Any CPU
		{33FC8B0A-CEE1-4873-957F-66B66ACDA699}.Release|x86.ActiveCfg = Release|Any CPU
		{33FC8B0A-CEE1-4873-957F-66B66ACDA699}.Release|x86.Build.0 = Release|Any CPU
		{7CD2818D-86FC-4C09-8A1A-F84318CE4AC7}.Ad-Hoc|Any CPU.ActiveCfg = Debug|Any CPU
		{7CD2818D-86FC-4C09-8A1A-F84318CE4AC7}.Ad-Hoc|Any CPU.Build.0 = Debug|Any CPU
		{7CD2818D-86FC-4C09-8A1A-F84318CE4AC7}.Ad-Hoc|ARM.ActiveCfg = Debug|Any CPU
		{7CD2818D-86FC-4C09-8A1A-F84318CE4AC7}.Ad-Hoc|ARM.Build.0 = Debug|Any CPU
		{7CD2818D-86FC-4C09-8A1A-F84318CE4AC7}.Ad-Hoc|iPhone.ActiveCfg = Debug|Any CPU
		{7CD2818D-86FC-4C09-8A1A-F84318CE4AC7}.Ad-Hoc|iPhone.Build.0 = Debug|Any CPU
		{7CD2818D-86FC-4C09-8A1A-F84318CE4AC7}.Ad-Hoc|iPhoneSimulator.ActiveCfg = Debug|Any CPU
		{7CD2818D-86FC-4C09-8A1A-F84318CE4AC7}.Ad-Hoc|iPhoneSimulator.Build.0 = Debug|Any CPU
		{7CD2818D-86FC-4C09-8A1A-F84318CE4AC7}.Ad-Hoc|Mixed Platforms.ActiveCfg = Debug|Any CPU
		{7CD2818D-86FC-4C09-8A1A-F84318CE4AC7}.Ad-Hoc|Mixed Platforms.Build.0 = Debug|Any CPU
		{7CD2818D-86FC-4C09-8A1A-F84318CE4AC7}.Ad-Hoc|x64.ActiveCfg = Debug|Any CPU
		{7CD2818D-86FC-4C09-8A1A-F84318CE4AC7}.Ad-Hoc|x64.Build.0 = Debug|Any CPU
		{7CD2818D-86FC-4C09-8A1A-F84318CE4AC7}.Ad-Hoc|x86.ActiveCfg = Debug|Any CPU
		{7CD2818D-86FC-4C09-8A1A-F84318CE4AC7}.Ad-Hoc|x86.Build.0 = Debug|Any CPU
		{7CD2818D-86FC-4C09-8A1A-F84318CE4AC7}.AppStore|Any CPU.ActiveCfg = Debug|Any CPU
		{7CD2818D-86FC-4C09-8A1A-F84318CE4AC7}.AppStore|Any CPU.Build.0 = Debug|Any CPU
		{7CD2818D-86FC-4C09-8A1A-F84318CE4AC7}.AppStore|ARM.ActiveCfg = Debug|Any CPU
		{7CD2818D-86FC-4C09-8A1A-F84318CE4AC7}.AppStore|ARM.Build.0 = Debug|Any CPU
		{7CD2818D-86FC-4C09-8A1A-F84318CE4AC7}.AppStore|iPhone.ActiveCfg = Debug|Any CPU
		{7CD2818D-86FC-4C09-8A1A-F84318CE4AC7}.AppStore|iPhone.Build.0 = Debug|Any CPU
		{7CD2818D-86FC-4C09-8A1A-F84318CE4AC7}.AppStore|iPhoneSimulator.ActiveCfg = Debug|Any CPU
		{7CD2818D-86FC-4C09-8A1A-F84318CE4AC7}.AppStore|iPhoneSimulator.Build.0 = Debug|Any CPU
		{7CD2818D-86FC-4C09-8A1A-F84318CE4AC7}.AppStore|Mixed Platforms.ActiveCfg = Debug|Any CPU
		{7CD2818D-86FC-4C09-8A1A-F84318CE4AC7}.AppStore|Mixed Platforms.Build.0 = Debug|Any CPU
		{7CD2818D-86FC-4C09-8A1A-F84318CE4AC7}.AppStore|x64.ActiveCfg = Debug|Any CPU
		{7CD2818D-86FC-4C09-8A1A-F84318CE4AC7}.AppStore|x64.Build.0 = Debug|Any CPU
		{7CD2818D-86FC-4C09-8A1A-F84318CE4AC7}.AppStore|x86.ActiveCfg = Debug|Any CPU
		{7CD2818D-86FC-4C09-8A1A-F84318CE4AC7}.AppStore|x86.Build.0 = Debug|Any CPU
		{7CD2818D-86FC-4C09-8A1A-F84318CE4AC7}.Debug|Any CPU.ActiveCfg = Debug|Any CPU
		{7CD2818D-86FC-4C09-8A1A-F84318CE4AC7}.Debug|Any CPU.Build.0 = Debug|Any CPU
		{7CD2818D-86FC-4C09-8A1A-F84318CE4AC7}.Debug|ARM.ActiveCfg = Debug|Any CPU
		{7CD2818D-86FC-4C09-8A1A-F84318CE4AC7}.Debug|ARM.Build.0 = Debug|Any CPU
		{7CD2818D-86FC-4C09-8A1A-F84318CE4AC7}.Debug|iPhone.ActiveCfg = Debug|Any CPU
		{7CD2818D-86FC-4C09-8A1A-F84318CE4AC7}.Debug|iPhone.Build.0 = Debug|Any CPU
		{7CD2818D-86FC-4C09-8A1A-F84318CE4AC7}.Debug|iPhoneSimulator.ActiveCfg = Debug|Any CPU
		{7CD2818D-86FC-4C09-8A1A-F84318CE4AC7}.Debug|iPhoneSimulator.Build.0 = Debug|Any CPU
		{7CD2818D-86FC-4C09-8A1A-F84318CE4AC7}.Debug|Mixed Platforms.ActiveCfg = Debug|Any CPU
		{7CD2818D-86FC-4C09-8A1A-F84318CE4AC7}.Debug|Mixed Platforms.Build.0 = Debug|Any CPU
		{7CD2818D-86FC-4C09-8A1A-F84318CE4AC7}.Debug|x64.ActiveCfg = Debug|Any CPU
		{7CD2818D-86FC-4C09-8A1A-F84318CE4AC7}.Debug|x64.Build.0 = Debug|Any CPU
		{7CD2818D-86FC-4C09-8A1A-F84318CE4AC7}.Debug|x86.ActiveCfg = Debug|Any CPU
		{7CD2818D-86FC-4C09-8A1A-F84318CE4AC7}.Debug|x86.Build.0 = Debug|Any CPU
		{7CD2818D-86FC-4C09-8A1A-F84318CE4AC7}.Release|Any CPU.ActiveCfg = Release|Any CPU
		{7CD2818D-86FC-4C09-8A1A-F84318CE4AC7}.Release|Any CPU.Build.0 = Release|Any CPU
		{7CD2818D-86FC-4C09-8A1A-F84318CE4AC7}.Release|ARM.ActiveCfg = Release|Any CPU
		{7CD2818D-86FC-4C09-8A1A-F84318CE4AC7}.Release|ARM.Build.0 = Release|Any CPU
		{7CD2818D-86FC-4C09-8A1A-F84318CE4AC7}.Release|iPhone.ActiveCfg = Release|Any CPU
		{7CD2818D-86FC-4C09-8A1A-F84318CE4AC7}.Release|iPhone.Build.0 = Release|Any CPU
		{7CD2818D-86FC-4C09-8A1A-F84318CE4AC7}.Release|iPhoneSimulator.ActiveCfg = Release|Any CPU
		{7CD2818D-86FC-4C09-8A1A-F84318CE4AC7}.Release|iPhoneSimulator.Build.0 = Release|Any CPU
		{7CD2818D-86FC-4C09-8A1A-F84318CE4AC7}.Release|Mixed Platforms.ActiveCfg = Release|Any CPU
		{7CD2818D-86FC-4C09-8A1A-F84318CE4AC7}.Release|Mixed Platforms.Build.0 = Release|Any CPU
		{7CD2818D-86FC-4C09-8A1A-F84318CE4AC7}.Release|x64.ActiveCfg = Release|Any CPU
		{7CD2818D-86FC-4C09-8A1A-F84318CE4AC7}.Release|x64.Build.0 = Release|Any CPU
		{7CD2818D-86FC-4C09-8A1A-F84318CE4AC7}.Release|x86.ActiveCfg = Release|Any CPU
		{7CD2818D-86FC-4C09-8A1A-F84318CE4AC7}.Release|x86.Build.0 = Release|Any CPU
	EndGlobalSection
	GlobalSection(SolutionProperties) = preSolution
		HideSolutionNode = FALSE
	EndGlobalSection
	GlobalSection(NestedProjects) = preSolution
		{5B7F14EB-014B-4044-B7F5-A46B7D8458B9} = {88E62699-9893-442B-9F27-C83818726C28}
		{F1946BA2-2928-4D48-B4B6-3323B0CA805F} = {88E62699-9893-442B-9F27-C83818726C28}
		{33FC8B0A-CEE1-4873-957F-66B66ACDA699} = {2360632D-7853-40AB-BFC7-2F8E69C858B3}
	EndGlobalSection
EndGlobal
